
Microsoft Visual Studio Solution File, Format Version 12.00
# Visual Studio Version 16
VisualStudioVersion = 16.0.30907.101
MinimumVisualStudioVersion = 10.0.40219.1
Project("{FAE04EC0-301F-11D3-BF4B-00C04F79EFBC}") = "Final", "Final\Final.csproj", "{AEFD91D5-3DF6-44BE-8A85-74C0CC10B724}"
EndProject
Global
	GlobalSection(SolutionConfigurationPlatforms) = preSolution
		Debug|Any CPU = Debug|Any CPU
		Release|Any CPU = Release|Any CPU
	EndGlobalSection
	GlobalSection(ProjectConfigurationPlatforms) = postSolution
		{AEFD91D5-3DF6-44BE-8A85-74C0CC10B724}.Debug|Any CPU.ActiveCfg = Debug|Any CPU
		{AEFD91D5-3DF6-44BE-8A85-74C0CC10B724}.Debug|Any CPU.Build.0 = Debug|Any CPU
		{AEFD91D5-3DF6-44BE-8A85-74C0CC10B724}.Release|Any CPU.ActiveCfg = Release|Any CPU
		{AEFD91D5-3DF6-44BE-8A85-74C0CC10B724}.Release|Any CPU.Build.0 = Release|Any CPU
	EndGlobalSection
	GlobalSection(SolutionProperties) = preSolution
		HideSolutionNode = FALSE
	EndGlobalSection
	GlobalSection(ExtensibilityGlobals) = postSolution
		SolutionGuid = {E50DC6DB-ACF1-4789-9C27-64F8D8ED1F94}
	EndGlobalSection
EndGlobal
